
Microsoft Visual Studio Solution File, Format Version 12.00
# Visual Studio Version 17
VisualStudioVersion = 17.4.33205.214
MinimumVisualStudioVersion = 10.0.40219.1
Project("{FAE04EC0-301F-11D3-BF4B-00C04F79EFBC}") = "HrAPI", "HrAPI\HrAPI.csproj", "{AAAE7E27-9020-4B63-A117-AA134D75E9A6}"
EndProject
Global
	GlobalSection(SolutionConfigurationPlatforms) = preSolution
		Debug|Any CPU = Debug|Any CPU
		Release|Any CPU = Release|Any CPU
	EndGlobalSection
	GlobalSection(ProjectConfigurationPlatforms) = postSolution
		{AAAE7E27-9020-4B63-A117-AA134D75E9A6}.Debug|Any CPU.ActiveCfg = Debug|Any CPU
		{AAAE7E27-9020-4B63-A117-AA134D75E9A6}.Debug|Any CPU.Build.0 = Debug|Any CPU
		{AAAE7E27-9020-4B63-A117-AA134D75E9A6}.Release|Any CPU.ActiveCfg = Release|Any CPU
		{AAAE7E27-9020-4B63-A117-AA134D75E9A6}.Release|Any CPU.Build.0 = Release|Any CPU
	EndGlobalSection
	GlobalSection(SolutionProperties) = preSolution
		HideSolutionNode = FALSE
	EndGlobalSection
	GlobalSection(ExtensibilityGlobals) = postSolution
		SolutionGuid = {1A6CF004-D44C-4DE9-A247-3989D0CB6A8B}
	EndGlobalSection
EndGlobal
